// !$*UTF8*$!
{
	archiveVersion = 1;
	classes = {
	};
	objectVersion = 56;
	objects = {

/* Begin PBXBuildFile section */
		1520D1B32EC122BC00530B5D /* StorySourcesView.swift in Sources */ = {isa = PBXBuildFile; fileRef = 1520D1B22EC122BC00530B5D /* StorySourcesView.swift */; };
		1520D1B52EC1240000530B5D /* OnboardingView.swift in Sources */ = {isa = PBXBuildFile; fileRef = 1520D1B42EC1240000530B5D /* OnboardingView.swift */; };
		15C3EF542E96D31400683DC9 /* FirebaseAnalytics in Frameworks */ = {isa = PBXBuildFile; productRef = 15C3EF532E96D31400683DC9 /* FirebaseAnalytics */; };
		15C3EF562E96D31400683DC9 /* FirebaseAuth in Frameworks */ = {isa = PBXBuildFile; productRef = 15C3EF552E96D31400683DC9 /* FirebaseAuth */; };
		15C3EF582E96D31400683DC9 /* FirebaseCore in Frameworks */ = {isa = PBXBuildFile; productRef = 15C3EF572E96D31400683DC9 /* FirebaseCore */; };
		15C3EF5A2E96D31400683DC9 /* FirebaseCrashlytics in Frameworks */ = {isa = PBXBuildFile; productRef = 15C3EF592E96D31400683DC9 /* FirebaseCrashlytics */; };
		15C3EF5C2E96D31400683DC9 /* FirebaseMessaging in Frameworks */ = {isa = PBXBuildFile; productRef = 15C3EF5B2E96D31400683DC9 /* FirebaseMessaging */; };
		15C3EF702E96F17300683DC9 /* StoryCard.swift in Sources */ = {isa = PBXBuildFile; fileRef = 15C3EF6C2E96F17300683DC9 /* StoryCard.swift */; };
		15C3EF712E96F17300683DC9 /* NewsCategory.swift in Sources */ = {isa = PBXBuildFile; fileRef = 15C3EF692E96F17300683DC9 /* NewsCategory.swift */; };
		15C3EF722E96F17300683DC9 /* StoryCluster.swift in Sources */ = {isa = PBXBuildFile; fileRef = 15C3EF6D2E96F17300683DC9 /* StoryCluster.swift */; };
		15C3EF732E96F17300683DC9 /* StoryDetailView.swift in Sources */ = {isa = PBXBuildFile; fileRef = 15C3EF6E2E96F17300683DC9 /* StoryDetailView.swift */; };
		15C3EF742E96F17300683DC9 /* UserPreferences.swift in Sources */ = {isa = PBXBuildFile; fileRef = 15C3EF6F2E96F17300683DC9 /* UserPreferences.swift */; };
		15C3EF752E96F17300683DC9 /* Source.swift in Sources */ = {isa = PBXBuildFile; fileRef = 15C3EF6A2E96F17300683DC9 /* Source.swift */; };
		15C3EF762E96F17300683DC9 /* Story.swift in Sources */ = {isa = PBXBuildFile; fileRef = 15C3EF6B2E96F17300683DC9 /* Story.swift */; };
		15C3EF802E97407B00683DC9 /* GoogleSignIn in Frameworks */ = {isa = PBXBuildFile; productRef = 15C3EF7F2E97407B00683DC9 /* GoogleSignIn */; };
		15C3EF822E97407B00683DC9 /* GoogleSignInSwift in Frameworks */ = {isa = PBXBuildFile; productRef = 15C3EF812E97407B00683DC9 /* GoogleSignInSwift */; };
		15C3EFA32E99999900683DC9 /* AdminModels.swift in Sources */ = {isa = PBXBuildFile; fileRef = 15C3EFA12E99999900683DC9 /* AdminModels.swift */; };
		15C3EFA42E99999900683DC9 /* AdminDashboardView.swift in Sources */ = {isa = PBXBuildFile; fileRef = 15C3EFA22E99999900683DC9 /* AdminDashboardView.swift */; };
		4A1000001 /* NewsreelApp.swift in Sources */ = {isa = PBXBuildFile; fileRef = 4A2000001 /* NewsreelApp.swift */; };
		4A1000002 /* ContentView.swift in Sources */ = {isa = PBXBuildFile; fileRef = 4A2000002 /* ContentView.swift */; };
		4A1000003 /* AppBackground.swift in Sources */ = {isa = PBXBuildFile; fileRef = 4A2000003 /* AppBackground.swift */; };
		4A1000004 /* FontSystem.swift in Sources */ = {isa = PBXBuildFile; fileRef = 4A2000004 /* FontSystem.swift */; };
		4A1000005 /* Assets.xcassets in Resources */ = {isa = PBXBuildFile; fileRef = 4A2000005 /* Assets.xcassets */; };
		4A1000006 /* GoogleService-Info.plist in Resources */ = {isa = PBXBuildFile; fileRef = 4A2000006 /* GoogleService-Info.plist */; };
		4A1000010 /* Outfit-Thin.ttf in Resources */ = {isa = PBXBuildFile; fileRef = 4A2000010 /* Outfit-Thin.ttf */; };
		4A1000011 /* Outfit-ExtraLight.ttf in Resources */ = {isa = PBXBuildFile; fileRef = 4A2000011 /* Outfit-ExtraLight.ttf */; };
		4A1000012 /* Outfit-Light.ttf in Resources */ = {isa = PBXBuildFile; fileRef = 4A2000012 /* Outfit-Light.ttf */; };
		4A1000013 /* Outfit-Regular.ttf in Resources */ = {isa = PBXBuildFile; fileRef = 4A2000013 /* Outfit-Regular.ttf */; };
		4A1000014 /* Outfit-Medium.ttf in Resources */ = {isa = PBXBuildFile; fileRef = 4A2000014 /* Outfit-Medium.ttf */; };
		4A1000015 /* Outfit-SemiBold.ttf in Resources */ = {isa = PBXBuildFile; fileRef = 4A2000015 /* Outfit-SemiBold.ttf */; };
		4A1000016 /* Outfit-Bold.ttf in Resources */ = {isa = PBXBuildFile; fileRef = 4A2000016 /* Outfit-Bold.ttf */; };
		4A1000017 /* Outfit-ExtraBold.ttf in Resources */ = {isa = PBXBuildFile; fileRef = 4A2000017 /* Outfit-ExtraBold.ttf */; };
		4A1000018 /* Outfit-Black.ttf in Resources */ = {isa = PBXBuildFile; fileRef = 4A2000018 /* Outfit-Black.ttf */; };
		4A1000020 /* AuthService.swift in Sources */ = {isa = PBXBuildFile; fileRef = 4A2000020 /* AuthService.swift */; };
		4A1000021 /* LoginView.swift in Sources */ = {isa = PBXBuildFile; fileRef = 4A2000021 /* LoginView.swift */; };
		4A1000022 /* MainAppView.swift in Sources */ = {isa = PBXBuildFile; fileRef = 4A2000022 /* MainAppView.swift */; };
		4A1000023 /* APIService.swift in Sources */ = {isa = PBXBuildFile; fileRef = 4A2000023 /* APIService.swift */; };
		4A1000024 /* PersistenceService.swift in Sources */ = {isa = PBXBuildFile; fileRef = 4A2000024 /* PersistenceService.swift */; };
		4A1000025 /* SubscriptionService.swift in Sources */ = {isa = PBXBuildFile; fileRef = 4A2000025 /* SubscriptionService.swift */; };
		4A1000026 /* PaywallView.swift in Sources */ = {isa = PBXBuildFile; fileRef = 4A2000026 /* PaywallView.swift */; };
		4A1000027 /* ButtonStyles.swift in Sources */ = {isa = PBXBuildFile; fileRef = 4A2000027 /* ButtonStyles.swift */; };
		4A1000028 /* VisualEffects.swift in Sources */ = {isa = PBXBuildFile; fileRef = 4A2000028 /* VisualEffects.swift */; };
		4A1000029 /* CategoryBadge.swift in Sources */ = {isa = PBXBuildFile; fileRef = 4A2000029 /* CategoryBadge.swift */; };
		4A1000030 /* Logger.swift in Sources */ = {isa = PBXBuildFile; fileRef = 4A2000030 /* Logger.swift */; };
		4A1000031 /* SourceArticle.swift in Sources */ = {isa = PBXBuildFile; fileRef = 4A2000031 /* SourceArticle.swift */; };
		4A1000032 /* GoogleSignInButton.swift in Sources */ = {isa = PBXBuildFile; fileRef = 4A2000032 /* GoogleSignInButton.swift */; };
		4A1000033 /* SourceNameMapper.swift in Sources */ = {isa = PBXBuildFile; fileRef = 4A2000033 /* SourceNameMapper.swift */; };
		4A1000034 /* PreferencesView.swift in Sources */ = {isa = PBXBuildFile; fileRef = 4A2000034 /* PreferencesView.swift */; };
		4A1000035 /* NotificationsView.swift in Sources */ = {isa = PBXBuildFile; fileRef = 4A2000035 /* NotificationsView.swift */; };
		4A1000036 /* StatusBadge.swift in Sources */ = {isa = PBXBuildFile; fileRef = 4A2000036 /* StatusBadge.swift */; };
		4A1000037 /* LaunchScreenView.swift in Sources */ = {isa = PBXBuildFile; fileRef = 4A2000037 /* LaunchScreenView.swift */; };
		4A1000038 /* NotificationService.swift in Sources */ = {isa = PBXBuildFile; fileRef = 4A2000038 /* NotificationService.swift */; };
		4A1000039 /* ReadStateManager.swift in Sources */ = {isa = PBXBuildFile; fileRef = 4A2000039 /* ReadStateManager.swift */; };
		AA2000001 /* StorySourcesView.swift in Frameworks */ = {isa = PBXBuildFile; fileRef = AA1000001 /* StorySourcesView.swift */; };
/* End PBXBuildFile section */

/* Begin PBXFileReference section */
		1520D1B22EC122BC00530B5D /* StorySourcesView.swift */ = {isa = PBXFileReference; lastKnownFileType = sourcecode.swift; path = StorySourcesView.swift; sourceTree = "<group>"; };
		1520D1B42EC1240000530B5D /* OnboardingView.swift */ = {isa = PBXFileReference; lastKnownFileType = sourcecode.swift; path = OnboardingView.swift; sourceTree = "<group>"; };
		15A24D122E9C9532001E442A /* Newsreel.entitlements */ = {isa = PBXFileReference; lastKnownFileType = text.plist.entitlements; path = Newsreel.entitlements; sourceTree = "<group>"; };
		15C3EF692E96F17300683DC9 /* NewsCategory.swift */ = {isa = PBXFileReference; lastKnownFileType = sourcecode.swift; path = NewsCategory.swift; sourceTree = "<group>"; };
		15C3EF6A2E96F17300683DC9 /* Source.swift */ = {isa = PBXFileReference; lastKnownFileType = sourcecode.swift; path = Source.swift; sourceTree = "<group>"; };
		15C3EF6B2E96F17300683DC9 /* Story.swift */ = {isa = PBXFileReference; lastKnownFileType = sourcecode.swift; path = Story.swift; sourceTree = "<group>"; };
		15C3EF6C2E96F17300683DC9 /* StoryCard.swift */ = {isa = PBXFileReference; lastKnownFileType = sourcecode.swift; path = StoryCard.swift; sourceTree = "<group>"; };
		15C3EF6D2E96F17300683DC9 /* StoryCluster.swift */ = {isa = PBXFileReference; lastKnownFileType = sourcecode.swift; path = StoryCluster.swift; sourceTree = "<group>"; };
		15C3EF6E2E96F17300683DC9 /* StoryDetailView.swift */ = {isa = PBXFileReference; lastKnownFileType = sourcecode.swift; path = StoryDetailView.swift; sourceTree = "<group>"; };
		15C3EF6F2E96F17300683DC9 /* UserPreferences.swift */ = {isa = PBXFileReference; lastKnownFileType = sourcecode.swift; path = UserPreferences.swift; sourceTree = "<group>"; };
		15C3EFA12E99999900683DC9 /* AdminModels.swift */ = {isa = PBXFileReference; lastKnownFileType = sourcecode.swift; path = AdminModels.swift; sourceTree = "<group>"; };
		15C3EFA22E99999900683DC9 /* AdminDashboardView.swift */ = {isa = PBXFileReference; lastKnownFileType = sourcecode.swift; path = AdminDashboardView.swift; sourceTree = "<group>"; };
		4A2000001 /* NewsreelApp.swift */ = {isa = PBXFileReference; lastKnownFileType = sourcecode.swift; path = NewsreelApp.swift; sourceTree = "<group>"; };
		4A2000002 /* ContentView.swift */ = {isa = PBXFileReference; lastKnownFileType = sourcecode.swift; path = ContentView.swift; sourceTree = "<group>"; };
		4A2000003 /* AppBackground.swift */ = {isa = PBXFileReference; lastKnownFileType = sourcecode.swift; path = AppBackground.swift; sourceTree = "<group>"; };
		4A2000004 /* FontSystem.swift */ = {isa = PBXFileReference; lastKnownFileType = sourcecode.swift; path = FontSystem.swift; sourceTree = "<group>"; };
		4A2000005 /* Assets.xcassets */ = {isa = PBXFileReference; lastKnownFileType = folder.assetcatalog; path = Assets.xcassets; sourceTree = "<group>"; };
		4A2000006 /* GoogleService-Info.plist */ = {isa = PBXFileReference; lastKnownFileType = text.plist.xml; path = "GoogleService-Info.plist"; sourceTree = "<group>"; };
		4A2000010 /* Outfit-Thin.ttf */ = {isa = PBXFileReference; lastKnownFileType = file; path = "Outfit-Thin.ttf"; sourceTree = "<group>"; };
		4A2000011 /* Outfit-ExtraLight.ttf */ = {isa = PBXFileReference; lastKnownFileType = file; path = "Outfit-ExtraLight.ttf"; sourceTree = "<group>"; };
		4A2000012 /* Outfit-Light.ttf */ = {isa = PBXFileReference; lastKnownFileType = file; path = "Outfit-Light.ttf"; sourceTree = "<group>"; };
		4A2000013 /* Outfit-Regular.ttf */ = {isa = PBXFileReference; lastKnownFileType = file; path = "Outfit-Regular.ttf"; sourceTree = "<group>"; };
		4A2000014 /* Outfit-Medium.ttf */ = {isa = PBXFileReference; lastKnownFileType = file; path = "Outfit-Medium.ttf"; sourceTree = "<group>"; };
		4A2000015 /* Outfit-SemiBold.ttf */ = {isa = PBXFileReference; lastKnownFileType = file; path = "Outfit-SemiBold.ttf"; sourceTree = "<group>"; };
		4A2000016 /* Outfit-Bold.ttf */ = {isa = PBXFileReference; lastKnownFileType = file; path = "Outfit-Bold.ttf"; sourceTree = "<group>"; };
		4A2000017 /* Outfit-ExtraBold.ttf */ = {isa = PBXFileReference; lastKnownFileType = file; path = "Outfit-ExtraBold.ttf"; sourceTree = "<group>"; };
		4A2000018 /* Outfit-Black.ttf */ = {isa = PBXFileReference; lastKnownFileType = file; path = "Outfit-Black.ttf"; sourceTree = "<group>"; };
		4A2000020 /* AuthService.swift */ = {isa = PBXFileReference; lastKnownFileType = sourcecode.swift; path = AuthService.swift; sourceTree = "<group>"; };
		4A2000021 /* LoginView.swift */ = {isa = PBXFileReference; lastKnownFileType = sourcecode.swift; path = LoginView.swift; sourceTree = "<group>"; };
		4A2000022 /* MainAppView.swift */ = {isa = PBXFileReference; lastKnownFileType = sourcecode.swift; path = MainAppView.swift; sourceTree = "<group>"; };
		4A2000023 /* APIService.swift */ = {isa = PBXFileReference; lastKnownFileType = sourcecode.swift; path = APIService.swift; sourceTree = "<group>"; };
		4A2000024 /* PersistenceService.swift */ = {isa = PBXFileReference; lastKnownFileType = sourcecode.swift; path = PersistenceService.swift; sourceTree = "<group>"; };
		4A2000025 /* SubscriptionService.swift */ = {isa = PBXFileReference; lastKnownFileType = sourcecode.swift; path = SubscriptionService.swift; sourceTree = "<group>"; };
		4A2000026 /* PaywallView.swift */ = {isa = PBXFileReference; lastKnownFileType = sourcecode.swift; path = PaywallView.swift; sourceTree = "<group>"; };
		4A2000027 /* ButtonStyles.swift */ = {isa = PBXFileReference; lastKnownFileType = sourcecode.swift; path = ButtonStyles.swift; sourceTree = "<group>"; };
		4A2000028 /* VisualEffects.swift */ = {isa = PBXFileReference; lastKnownFileType = sourcecode.swift; path = VisualEffects.swift; sourceTree = "<group>"; };
		4A2000029 /* CategoryBadge.swift */ = {isa = PBXFileReference; lastKnownFileType = sourcecode.swift; path = CategoryBadge.swift; sourceTree = "<group>"; };
		4A2000030 /* Logger.swift */ = {isa = PBXFileReference; lastKnownFileType = sourcecode.swift; path = Logger.swift; sourceTree = "<group>"; };
		4A2000031 /* SourceArticle.swift */ = {isa = PBXFileReference; lastKnownFileType = sourcecode.swift; path = SourceArticle.swift; sourceTree = "<group>"; };
		4A2000032 /* GoogleSignInButton.swift */ = {isa = PBXFileReference; lastKnownFileType = sourcecode.swift; path = GoogleSignInButton.swift; sourceTree = "<group>"; };
		4A2000033 /* SourceNameMapper.swift */ = {isa = PBXFileReference; lastKnownFileType = sourcecode.swift; path = SourceNameMapper.swift; sourceTree = "<group>"; };
		4A2000034 /* PreferencesView.swift */ = {isa = PBXFileReference; lastKnownFileType = sourcecode.swift; path = PreferencesView.swift; sourceTree = "<group>"; };
		4A2000035 /* NotificationsView.swift */ = {isa = PBXFileReference; lastKnownFileType = sourcecode.swift; path = NotificationsView.swift; sourceTree = "<group>"; };
		4A2000036 /* StatusBadge.swift */ = {isa = PBXFileReference; lastKnownFileType = sourcecode.swift; path = StatusBadge.swift; sourceTree = "<group>"; };
		4A2000037 /* LaunchScreenView.swift */ = {isa = PBXFileReference; lastKnownFileType = sourcecode.swift; path = LaunchScreenView.swift; sourceTree = "<group>"; };
		4A2000038 /* NotificationService.swift */ = {isa = PBXFileReference; lastKnownFileType = sourcecode.swift; path = NotificationService.swift; sourceTree = "<group>"; };
		4A2000039 /* ReadStateManager.swift */ = {isa = PBXFileReference; lastKnownFileType = sourcecode.swift; path = ReadStateManager.swift; sourceTree = "<group>"; };
		4A3000001 /* Newsreel.app */ = {isa = PBXFileReference; explicitFileType = wrapper.application; includeInIndex = 0; path = Newsreel.app; sourceTree = BUILT_PRODUCTS_DIR; };
		AA1000001 /* StorySourcesView.swift */ = {isa = PBXFileReference; lastKnownFileType = sourcecode.swift; name = StorySourcesView.swift; path = Views/Components/StorySourcesView.swift; sourceTree = "<group>"; };
/* End PBXFileReference section */

/* Begin PBXFrameworksBuildPhase section */
		4A4000001 /* Frameworks */ = {
			isa = PBXFrameworksBuildPhase;
			buildActionMask = 2147483647;
			files = (
				AA2000001 /* StorySourcesView.swift in Frameworks */,
				15C3EF542E96D31400683DC9 /* FirebaseAnalytics in Frameworks */,
				15C3EF562E96D31400683DC9 /* FirebaseAuth in Frameworks */,
				15C3EF822E97407B00683DC9 /* GoogleSignInSwift in Frameworks */,
				15C3EF5A2E96D31400683DC9 /* FirebaseCrashlytics in Frameworks */,
				15C3EF582E96D31400683DC9 /* FirebaseCore in Frameworks */,
				15C3EF5C2E96D31400683DC9 /* FirebaseMessaging in Frameworks */,
				15C3EF802E97407B00683DC9 /* GoogleSignIn in Frameworks */,
			);
			runOnlyForDeploymentPostprocessing = 0;
		};
/* End PBXFrameworksBuildPhase section */

/* Begin PBXGroup section */
		1520D1B12EC1213C00530B5D /* Recovered References */ = {
			isa = PBXGroup;
			children = (
				AA1000001 /* StorySourcesView.swift */,
			);
			name = "Recovered References";
			sourceTree = "<group>";
		};
		1520D1B72EC1696400530B5D /* Onboarding */ = {
			isa = PBXGroup;
			children = (
				1520D1B42EC1240000530B5D /* OnboardingView.swift */,
			);
			path = Onboarding;
			sourceTree = "<group>";
		};
		4A5000001 = {
			isa = PBXGroup;
			children = (
				4A5000002 /* Newsreel */,
				4A5000003 /* Products */,
				1520D1B12EC1213C00530B5D /* Recovered References */,
			);
			sourceTree = "<group>";
		};
		4A5000002 /* Newsreel */ = {
			isa = PBXGroup;
			children = (
				15A24D122E9C9532001E442A /* Newsreel.entitlements */,
				4A2000001 /* NewsreelApp.swift */,
				4A2000002 /* ContentView.swift */,
				4A5000040 /* Models */,
				4A5000020 /* Views */,
				4A5000021 /* Services */,
				4A2000003 /* AppBackground.swift */,
				4A2000004 /* FontSystem.swift */,
				4A5000010 /* Fonts */,
				4A2000005 /* Assets.xcassets */,
				4A2000006 /* GoogleService-Info.plist */,
			);
			path = Newsreel;
			sourceTree = "<group>";
		};
		4A5000003 /* Products */ = {
			isa = PBXGroup;
			children = (
				4A3000001 /* Newsreel.app */,
			);
			name = Products;
			sourceTree = "<group>";
		};
		4A5000010 /* Fonts */ = {
			isa = PBXGroup;
			children = (
				4A2000010 /* Outfit-Thin.ttf */,
				4A2000011 /* Outfit-ExtraLight.ttf */,
				4A2000012 /* Outfit-Light.ttf */,
				4A2000013 /* Outfit-Regular.ttf */,
				4A2000014 /* Outfit-Medium.ttf */,
				4A2000015 /* Outfit-SemiBold.ttf */,
				4A2000016 /* Outfit-Bold.ttf */,
				4A2000017 /* Outfit-ExtraBold.ttf */,
				4A2000018 /* Outfit-Black.ttf */,
			);
			path = Fonts;
			sourceTree = "<group>";
		};
		4A5000020 /* Views */ = {
			isa = PBXGroup;
			children = (
				4A2000022 /* MainAppView.swift */,
				4A2000037 /* LaunchScreenView.swift */,
				1520D1B72EC1696400530B5D /* Onboarding */,
				4A5000030 /* Auth */,
				4A5000041 /* Components */,
				4A5000042 /* Subscription */,
				4A5000050 /* Settings */,
				4A5000060 /* Admin */,
			);
			path = Views;
			sourceTree = "<group>";
		};
		4A5000021 /* Services */ = {
			isa = PBXGroup;
			children = (
				4A2000020 /* AuthService.swift */,
				4A2000023 /* APIService.swift */,
				4A2000024 /* PersistenceService.swift */,
				4A2000025 /* SubscriptionService.swift */,
				4A2000030 /* Logger.swift */,
				4A2000033 /* SourceNameMapper.swift */,
				4A2000038 /* NotificationService.swift */,
				4A2000039 /* ReadStateManager.swift */,
			);
			path = Services;
			sourceTree = "<group>";
		};
		4A5000030 /* Auth */ = {
			isa = PBXGroup;
			children = (
				4A2000021 /* LoginView.swift */,
			);
			path = Auth;
			sourceTree = "<group>";
		};
		4A5000040 /* Models */ = {
			isa = PBXGroup;
			children = (
				15C3EF692E96F17300683DC9 /* NewsCategory.swift */,
				15C3EF6A2E96F17300683DC9 /* Source.swift */,
				4A2000031 /* SourceArticle.swift */,
				15C3EF6B2E96F17300683DC9 /* Story.swift */,
				15C3EF6D2E96F17300683DC9 /* StoryCluster.swift */,
				15C3EF6F2E96F17300683DC9 /* UserPreferences.swift */,
				15C3EFA12E99999900683DC9 /* AdminModels.swift */,
			);
			path = Models;
			sourceTree = "<group>";
		};
		4A5000041 /* Components */ = {
			isa = PBXGroup;
			children = (
				1520D1B22EC122BC00530B5D /* StorySourcesView.swift */,
				15C3EF6C2E96F17300683DC9 /* StoryCard.swift */,
				15C3EF6E2E96F17300683DC9 /* StoryDetailView.swift */,
				4A2000027 /* ButtonStyles.swift */,
				4A2000032 /* GoogleSignInButton.swift */,
				4A2000028 /* VisualEffects.swift */,
				4A2000029 /* CategoryBadge.swift */,
				4A2000036 /* StatusBadge.swift */,
			);
			path = Components;
			sourceTree = "<group>";
		};
		4A5000042 /* Subscription */ = {
			isa = PBXGroup;
			children = (
				4A2000026 /* PaywallView.swift */,
			);
			path = Subscription;
			sourceTree = "<group>";
		};
		4A5000050 /* Settings */ = {
			isa = PBXGroup;
			children = (
				4A2000034 /* PreferencesView.swift */,
				4A2000035 /* NotificationsView.swift */,
			);
			path = Settings;
			sourceTree = "<group>";
		};
		4A5000060 /* Admin */ = {
			isa = PBXGroup;
			children = (
				15C3EFA22E99999900683DC9 /* AdminDashboardView.swift */,
			);
			path = Admin;
			sourceTree = "<group>";
		};
/* End PBXGroup section */

/* Begin PBXNativeTarget section */
		4A6000001 /* Newsreel */ = {
			isa = PBXNativeTarget;
			buildConfigurationList = 4A7000001 /* Build configuration list for PBXNativeTarget "Newsreel" */;
			buildPhases = (
				4A8000001 /* Sources */,
				4A4000001 /* Frameworks */,
				4A9000001 /* Resources */,
			);
			buildRules = (
			);
			dependencies = (
			);
			name = Newsreel;
			productName = Newsreel;
			productReference = 4A3000001 /* Newsreel.app */;
			productType = "com.apple.product-type.application";
		};
/* End PBXNativeTarget section */

/* Begin PBXProject section */
		4A0000001 /* Project object */ = {
			isa = PBXProject;
			attributes = {
				BuildIndependentTargetsInParallel = 1;
				LastSwiftUpdateCheck = 1600;
				LastUpgradeCheck = 2600;
				TargetAttributes = {
					4A6000001 = {
						CreatedOnToolsVersion = 26.0;
					};
				};
			};
			buildConfigurationList = 4A7000002 /* Build configuration list for PBXProject "Newsreel" */;
			compatibilityVersion = "Xcode 14.0";
			developmentRegion = en;
			hasScannedForEncodings = 0;
			knownRegions = (
				en,
				Base,
			);
			mainGroup = 4A5000001;
			packageReferences = (
				15C3EF522E96D31400683DC9 /* XCRemoteSwiftPackageReference "firebase-ios-sdk" */,
				15C3EF7E2E97407B00683DC9 /* XCRemoteSwiftPackageReference "GoogleSignIn-iOS" */,
			);
			productRefGroup = 4A5000003 /* Products */;
			projectDirPath = "";
			projectRoot = "";
			targets = (
				4A6000001 /* Newsreel */,
			);
		};
/* End PBXProject section */

/* Begin PBXResourcesBuildPhase section */
		4A9000001 /* Resources */ = {
			isa = PBXResourcesBuildPhase;
			buildActionMask = 2147483647;
			files = (
				4A1000005 /* Assets.xcassets in Resources */,
				4A1000006 /* GoogleService-Info.plist in Resources */,
				4A1000010 /* Outfit-Thin.ttf in Resources */,
				4A1000011 /* Outfit-ExtraLight.ttf in Resources */,
				4A1000012 /* Outfit-Light.ttf in Resources */,
				4A1000013 /* Outfit-Regular.ttf in Resources */,
				4A1000014 /* Outfit-Medium.ttf in Resources */,
				4A1000015 /* Outfit-SemiBold.ttf in Resources */,
				4A1000016 /* Outfit-Bold.ttf in Resources */,
				4A1000017 /* Outfit-ExtraBold.ttf in Resources */,
				4A1000018 /* Outfit-Black.ttf in Resources */,
			);
			runOnlyForDeploymentPostprocessing = 0;
		};
/* End PBXResourcesBuildPhase section */

/* Begin PBXSourcesBuildPhase section */
		4A8000001 /* Sources */ = {
			isa = PBXSourcesBuildPhase;
			buildActionMask = 2147483647;
			files = (
				4A1000002 /* ContentView.swift in Sources */,
				4A1000003 /* AppBackground.swift in Sources */,
				4A1000004 /* FontSystem.swift in Sources */,
				4A1000001 /* NewsreelApp.swift in Sources */,
				4A1000020 /* AuthService.swift in Sources */,
				15C3EF702E96F17300683DC9 /* StoryCard.swift in Sources */,
				15C3EF712E96F17300683DC9 /* NewsCategory.swift in Sources */,
				15C3EF722E96F17300683DC9 /* StoryCluster.swift in Sources */,
				15C3EF732E96F17300683DC9 /* StoryDetailView.swift in Sources */,
				15C3EF742E96F17300683DC9 /* UserPreferences.swift in Sources */,
				15C3EF752E96F17300683DC9 /* Source.swift in Sources */,
				15C3EF762E96F17300683DC9 /* Story.swift in Sources */,
				15C3EFA32E99999900683DC9 /* AdminModels.swift in Sources */,
				15C3EFA42E99999900683DC9 /* AdminDashboardView.swift in Sources */,
				4A1000021 /* LoginView.swift in Sources */,
				1520D1B52EC1240000530B5D /* OnboardingView.swift in Sources */,
				4A1000022 /* MainAppView.swift in Sources */,
				1520D1B32EC122BC00530B5D /* StorySourcesView.swift in Sources */,
				4A1000023 /* APIService.swift in Sources */,
				4A1000024 /* PersistenceService.swift in Sources */,
				4A1000025 /* SubscriptionService.swift in Sources */,
				4A1000026 /* PaywallView.swift in Sources */,
				4A1000027 /* ButtonStyles.swift in Sources */,
				4A1000032 /* GoogleSignInButton.swift in Sources */,
				4A1000028 /* VisualEffects.swift in Sources */,
				4A1000029 /* CategoryBadge.swift in Sources */,
				4A1000036 /* StatusBadge.swift in Sources */,
				4A1000030 /* Logger.swift in Sources */,
				4A1000031 /* SourceArticle.swift in Sources */,
				4A1000033 /* SourceNameMapper.swift in Sources */,
				4A1000034 /* PreferencesView.swift in Sources */,
				4A1000035 /* NotificationsView.swift in Sources */,
				4A1000037 /* LaunchScreenView.swift in Sources */,
				4A1000038 /* NotificationService.swift in Sources */,
				4A1000039 /* ReadStateManager.swift in Sources */,
			);
			runOnlyForDeploymentPostprocessing = 0;
		};
/* End PBXSourcesBuildPhase section */

/* Begin XCBuildConfiguration section */
		4AB00000 /* Debug */ = {
			isa = XCBuildConfiguration;
			buildSettings = {
				ALWAYS_SEARCH_USER_PATHS = NO;
				ASSETCATALOG_COMPILER_GENERATE_SWIFT_ASSET_SYMBOL_EXTENSIONS = YES;
				CLANG_ANALYZER_NONNULL = YES;
				CLANG_ANALYZER_NUMBER_OBJECT_CONVERSION = YES_AGGRESSIVE;
				CLANG_CXX_LANGUAGE_STANDARD = "gnu++20";
				CLANG_ENABLE_MODULES = YES;
				CLANG_ENABLE_OBJC_ARC = YES;
				CLANG_ENABLE_OBJC_WEAK = YES;
				CLANG_WARN_BLOCK_CAPTURE_AUTORELEASING = YES;
				CLANG_WARN_BOOL_CONVERSION = YES;
				CLANG_WARN_COMMA = YES;
				CLANG_WARN_CONSTANT_CONVERSION = YES;
				CLANG_WARN_DEPRECATED_OBJC_IMPLEMENTATIONS = YES;
				CLANG_WARN_DIRECT_OBJC_ISA_USAGE = YES_ERROR;
				CLANG_WARN_DOCUMENTATION_COMMENTS = YES;
				CLANG_WARN_EMPTY_BODY = YES;
				CLANG_WARN_ENUM_CONVERSION = YES;
				CLANG_WARN_INFINITE_RECURSION = YES;
				CLANG_WARN_INT_CONVERSION = YES;
				CLANG_WARN_NON_LITERAL_NULL_CONVERSION = YES;
				CLANG_WARN_OBJC_IMPLICIT_RETAIN_SELF = YES;
				CLANG_WARN_OBJC_LITERAL_CONVERSION = YES;
				CLANG_WARN_OBJC_ROOT_CLASS = YES_ERROR;
				CLANG_WARN_QUOTED_INCLUDE_IN_FRAMEWORK_HEADER = YES;
				CLANG_WARN_RANGE_LOOP_ANALYSIS = YES;
				CLANG_WARN_STRICT_PROTOTYPES = YES;
				CLANG_WARN_SUSPICIOUS_MOVE = YES;
				CLANG_WARN_UNGUARDED_AVAILABILITY = YES_AGGRESSIVE;
				CLANG_WARN_UNREACHABLE_CODE = YES;
				CLANG_WARN__DUPLICATE_METHOD_MATCH = YES;
				COPY_PHASE_STRIP = NO;
				DEBUG_INFORMATION_FORMAT = dwarf;
				ENABLE_STRICT_OBJC_MSGSEND = YES;
				ENABLE_TESTABILITY = YES;
				ENABLE_USER_SCRIPT_SANDBOXING = YES;
				GCC_C_LANGUAGE_STANDARD = gnu17;
				GCC_DYNAMIC_NO_PIC = NO;
				GCC_NO_COMMON_BLOCKS = YES;
				GCC_OPTIMIZATION_LEVEL = 0;
				GCC_PREPROCESSOR_DEFINITIONS = (
					"DEBUG=1",
					"$(inherited)",
				);
				GCC_WARN_64_TO_32_BIT_CONVERSION = YES;
				GCC_WARN_ABOUT_RETURN_TYPE = YES_ERROR;
				GCC_WARN_UNDECLARED_SELECTOR = YES;
				GCC_WARN_UNINITIALIZED_AUTOS = YES_AGGRESSIVE;
				GCC_WARN_UNUSED_FUNCTION = YES;
				GCC_WARN_UNUSED_VARIABLE = YES;
				IPHONEOS_DEPLOYMENT_TARGET = 26.0;
				LOCALIZATION_PREFERS_STRING_CATALOGS = YES;
				MTL_ENABLE_DEBUG_INFO = INCLUDE_SOURCE;
				MTL_FAST_MATH = YES;
				ONLY_ACTIVE_ARCH = YES;
				SDKROOT = iphoneos;
				STRING_CATALOG_GENERATE_SYMBOLS = YES;
				SWIFT_ACTIVE_COMPILATION_CONDITIONS = "DEBUG $(inherited)";
				SWIFT_OPTIMIZATION_LEVEL = "-Onone";
			};
			name = Debug;
		};
		4AB00001 /* Release */ = {
			isa = XCBuildConfiguration;
			buildSettings = {
				ALWAYS_SEARCH_USER_PATHS = NO;
				ASSETCATALOG_COMPILER_GENERATE_SWIFT_ASSET_SYMBOL_EXTENSIONS = YES;
				CLANG_ANALYZER_NONNULL = YES;
				CLANG_ANALYZER_NUMBER_OBJECT_CONVERSION = YES_AGGRESSIVE;
				CLANG_CXX_LANGUAGE_STANDARD = "gnu++20";
				CLANG_ENABLE_MODULES = YES;
				CLANG_ENABLE_OBJC_ARC = YES;
				CLANG_ENABLE_OBJC_WEAK = YES;
				CLANG_WARN_BLOCK_CAPTURE_AUTORELEASING = YES;
				CLANG_WARN_BOOL_CONVERSION = YES;
				CLANG_WARN_COMMA = YES;
				CLANG_WARN_CONSTANT_CONVERSION = YES;
				CLANG_WARN_DEPRECATED_OBJC_IMPLEMENTATIONS = YES;
				CLANG_WARN_DIRECT_OBJC_ISA_USAGE = YES_ERROR;
				CLANG_WARN_DOCUMENTATION_COMMENTS = YES;
				CLANG_WARN_EMPTY_BODY = YES;
				CLANG_WARN_ENUM_CONVERSION = YES;
				CLANG_WARN_INFINITE_RECURSION = YES;
				CLANG_WARN_INT_CONVERSION = YES;
				CLANG_WARN_NON_LITERAL_NULL_CONVERSION = YES;
				CLANG_WARN_OBJC_IMPLICIT_RETAIN_SELF = YES;
				CLANG_WARN_OBJC_LITERAL_CONVERSION = YES;
				CLANG_WARN_OBJC_ROOT_CLASS = YES_ERROR;
				CLANG_WARN_QUOTED_INCLUDE_IN_FRAMEWORK_HEADER = YES;
				CLANG_WARN_RANGE_LOOP_ANALYSIS = YES;
				CLANG_WARN_STRICT_PROTOTYPES = YES;
				CLANG_WARN_SUSPICIOUS_MOVE = YES;
				CLANG_WARN_UNGUARDED_AVAILABILITY = YES_AGGRESSIVE;
				CLANG_WARN_UNREACHABLE_CODE = YES;
				CLANG_WARN__DUPLICATE_METHOD_MATCH = YES;
				COPY_PHASE_STRIP = NO;
				DEBUG_INFORMATION_FORMAT = "dwarf-with-dsym";
				ENABLE_NS_ASSERTIONS = NO;
				ENABLE_STRICT_OBJC_MSGSEND = YES;
				ENABLE_USER_SCRIPT_SANDBOXING = YES;
				GCC_C_LANGUAGE_STANDARD = gnu17;
				GCC_NO_COMMON_BLOCKS = YES;
				GCC_WARN_64_TO_32_BIT_CONVERSION = YES;
				GCC_WARN_ABOUT_RETURN_TYPE = YES_ERROR;
				GCC_WARN_UNDECLARED_SELECTOR = YES;
				GCC_WARN_UNINITIALIZED_AUTOS = YES_AGGRESSIVE;
				GCC_WARN_UNUSED_FUNCTION = YES;
				GCC_WARN_UNUSED_VARIABLE = YES;
				IPHONEOS_DEPLOYMENT_TARGET = 26.0;
				LOCALIZATION_PREFERS_STRING_CATALOGS = YES;
				MTL_ENABLE_DEBUG_INFO = NO;
				MTL_FAST_MATH = YES;
				SDKROOT = iphoneos;
				STRING_CATALOG_GENERATE_SYMBOLS = YES;
				SWIFT_COMPILATION_MODE = wholemodule;
				VALIDATE_PRODUCT = YES;
			};
			name = Release;
		};
		4AB00002 /* Debug */ = {
			isa = XCBuildConfiguration;
			buildSettings = {
				ASSETCATALOG_COMPILER_APPICON_NAME = AppIcon;
				ASSETCATALOG_COMPILER_GLOBAL_ACCENT_COLOR_NAME = AccentColor;
				CODE_SIGN_ENTITLEMENTS = Newsreel/Newsreel.entitlements;
				CODE_SIGN_STYLE = Automatic;
				CURRENT_PROJECT_VERSION = 1;
				DEVELOPMENT_ASSET_PATHS = "";
				DEVELOPMENT_TEAM = 55DFS5BPW2;
				ENABLE_PREVIEWS = YES;
				GENERATE_INFOPLIST_FILE = YES;
				INFOPLIST_FILE = Newsreel/Info.plist;
				INFOPLIST_KEY_CFBundleDisplayName = Newsreel;
				INFOPLIST_KEY_LSApplicationCategoryType = "public.app-category.news";
				INFOPLIST_KEY_NSHumanReadableCopyright = "© 2025 One Thum Software. All rights reserved.";
				INFOPLIST_KEY_UIApplicationSupportsIndirectInputEvents = YES;
				INFOPLIST_KEY_UIRequiredDeviceCapabilities = armv7;
				INFOPLIST_KEY_UIStatusBarHidden = YES;
				INFOPLIST_KEY_UISupportedInterfaceOrientations = "UIInterfaceOrientationPortrait UIInterfaceOrientationLandscapeLeft UIInterfaceOrientationLandscapeRight";
				INFOPLIST_KEY_UISupportedInterfaceOrientations_iPad = "UIInterfaceOrientationPortrait UIInterfaceOrientationPortraitUpsideDown UIInterfaceOrientationLandscapeLeft UIInterfaceOrientationLandscapeRight";
				IPHONEOS_DEPLOYMENT_TARGET = 26.0;
				LD_RUNPATH_SEARCH_PATHS = (
					"$(inherited)",
					"@executable_path/Frameworks",
				);
				MARKETING_VERSION = 1.0.0;
				PRODUCT_BUNDLE_IDENTIFIER = com.onethum.newsreel;
				PRODUCT_NAME = "$(TARGET_NAME)";
				SWIFT_EMIT_LOC_STRINGS = YES;
				SWIFT_VERSION = 5.0;
				TARGETED_DEVICE_FAMILY = "1,2";
			};
			name = Debug;
		};
		4AB00003 /* Release */ = {
			isa = XCBuildConfiguration;
			buildSettings = {
				ASSETCATALOG_COMPILER_APPICON_NAME = AppIcon;
				ASSETCATALOG_COMPILER_GLOBAL_ACCENT_COLOR_NAME = AccentColor;
				CODE_SIGN_ENTITLEMENTS = Newsreel/Newsreel.entitlements;
				CODE_SIGN_STYLE = Automatic;
				CURRENT_PROJECT_VERSION = 1;
				DEVELOPMENT_ASSET_PATHS = "";
				DEVELOPMENT_TEAM = 55DFS5BPW2;
				ENABLE_PREVIEWS = YES;
				GENERATE_INFOPLIST_FILE = YES;
				INFOPLIST_FILE = Newsreel/Info.plist;
				INFOPLIST_KEY_CFBundleDisplayName = Newsreel;
				INFOPLIST_KEY_LSApplicationCategoryType = "public.app-category.news";
				INFOPLIST_KEY_NSHumanReadableCopyright = "© 2025 One Thum Software. All rights reserved.";
				INFOPLIST_KEY_UIApplicationSupportsIndirectInputEvents = YES;
				INFOPLIST_KEY_UIRequiredDeviceCapabilities = armv7;
				INFOPLIST_KEY_UIStatusBarHidden = YES;
				INFOPLIST_KEY_UISupportedInterfaceOrientations = "UIInterfaceOrientationPortrait UIInterfaceOrientationLandscapeLeft UIInterfaceOrientationLandscapeRight";
				INFOPLIST_KEY_UISupportedInterfaceOrientations_iPad = "UIInterfaceOrientationPortrait UIInterfaceOrientationPortraitUpsideDown UIInterfaceOrientationLandscapeLeft UIInterfaceOrientationLandscapeRight";
				IPHONEOS_DEPLOYMENT_TARGET = 26.0;
				LD_RUNPATH_SEARCH_PATHS = (
					"$(inherited)",
					"@executable_path/Frameworks",
				);
				MARKETING_VERSION = 1.0.0;
				PRODUCT_BUNDLE_IDENTIFIER = com.onethum.newsreel;
				PRODUCT_NAME = "$(TARGET_NAME)";
				SWIFT_EMIT_LOC_STRINGS = YES;
				SWIFT_VERSION = 5.0;
				TARGETED_DEVICE_FAMILY = "1,2";
			};
			name = Release;
		};
/* End XCBuildConfiguration section */

/* Begin XCConfigurationList section */
		4A7000001 /* Build configuration list for PBXNativeTarget "Newsreel" */ = {
			isa = XCConfigurationList;
			buildConfigurations = (
				4AB00002 /* Debug */,
				4AB00003 /* Release */,
			);
			defaultConfigurationIsVisible = 0;
			defaultConfigurationName = Release;
		};
		4A7000002 /* Build configuration list for PBXProject "Newsreel" */ = {
			isa = XCConfigurationList;
			buildConfigurations = (
				4AB00000 /* Debug */,
				4AB00001 /* Release */,
			);
			defaultConfigurationIsVisible = 0;
			defaultConfigurationName = Release;
		};
/* End XCConfigurationList section */

/* Begin XCRemoteSwiftPackageReference section */
		15C3EF522E96D31400683DC9 /* XCRemoteSwiftPackageReference "firebase-ios-sdk" */ = {
			isa = XCRemoteSwiftPackageReference;
			repositoryURL = "https://github.com/firebase/firebase-ios-sdk";
			requirement = {
				kind = upToNextMajorVersion;
				minimumVersion = 12.4.0;
			};
		};
		15C3EF7E2E97407B00683DC9 /* XCRemoteSwiftPackageReference "GoogleSignIn-iOS" */ = {
			isa = XCRemoteSwiftPackageReference;
			repositoryURL = "https://github.com/google/GoogleSignIn-iOS";
			requirement = {
				kind = upToNextMajorVersion;
				minimumVersion = 9.0.0;
			};
		};
/* End XCRemoteSwiftPackageReference section */

/* Begin XCSwiftPackageProductDependency section */
		15C3EF532E96D31400683DC9 /* FirebaseAnalytics */ = {
			isa = XCSwiftPackageProductDependency;
			package = 15C3EF522E96D31400683DC9 /* XCRemoteSwiftPackageReference "firebase-ios-sdk" */;
			productName = FirebaseAnalytics;
		};
		15C3EF552E96D31400683DC9 /* FirebaseAuth */ = {
			isa = XCSwiftPackageProductDependency;
			package = 15C3EF522E96D31400683DC9 /* XCRemoteSwiftPackageReference "firebase-ios-sdk" */;
			productName = FirebaseAuth;
		};
		15C3EF572E96D31400683DC9 /* FirebaseCore */ = {
			isa = XCSwiftPackageProductDependency;
			package = 15C3EF522E96D31400683DC9 /* XCRemoteSwiftPackageReference "firebase-ios-sdk" */;
			productName = FirebaseCore;
		};
		15C3EF592E96D31400683DC9 /* FirebaseCrashlytics */ = {
			isa = XCSwiftPackageProductDependency;
			package = 15C3EF522E96D31400683DC9 /* XCRemoteSwiftPackageReference "firebase-ios-sdk" */;
			productName = FirebaseCrashlytics;
		};
		15C3EF5B2E96D31400683DC9 /* FirebaseMessaging */ = {
			isa = XCSwiftPackageProductDependency;
			package = 15C3EF522E96D31400683DC9 /* XCRemoteSwiftPackageReference "firebase-ios-sdk" */;
			productName = FirebaseMessaging;
		};
		15C3EF7F2E97407B00683DC9 /* GoogleSignIn */ = {
			isa = XCSwiftPackageProductDependency;
			package = 15C3EF7E2E97407B00683DC9 /* XCRemoteSwiftPackageReference "GoogleSignIn-iOS" */;
			productName = GoogleSignIn;
		};
		15C3EF812E97407B00683DC9 /* GoogleSignInSwift */ = {
			isa = XCSwiftPackageProductDependency;
			package = 15C3EF7E2E97407B00683DC9 /* XCRemoteSwiftPackageReference "GoogleSignIn-iOS" */;
			productName = GoogleSignInSwift;
		};
/* End XCSwiftPackageProductDependency section */
	};
	rootObject = 4A0000001 /* Project object */;
}
